
Microsoft Visual Studio Solution File, Format Version 12.00
# Visual Studio Version 16
VisualStudioVersion = 16.0.31911.196
MinimumVisualStudioVersion = 10.0.40219.1
Project("{FAE04EC0-301F-11D3-BF4B-00C04F79EFBC}") = "BaltaDataAccess", "BaltaDataAccess\BaltaDataAccess.csproj", "{3A2A0B79-630E-4AB0-A233-99CE692DB136}"
EndProject
Global
	GlobalSection(SolutionConfigurationPlatforms) = preSolution
		Debug|Any CPU = Debug|Any CPU
		Release|Any CPU = Release|Any CPU
	EndGlobalSection
	GlobalSection(ProjectConfigurationPlatforms) = postSolution
		{3A2A0B79-630E-4AB0-A233-99CE692DB136}.Debug|Any CPU.ActiveCfg = Debug|Any CPU
		{3A2A0B79-630E-4AB0-A233-99CE692DB136}.Debug|Any CPU.Build.0 = Debug|Any CPU
		{3A2A0B79-630E-4AB0-A233-99CE692DB136}.Release|Any CPU.ActiveCfg = Release|Any CPU
		{3A2A0B79-630E-4AB0-A233-99CE692DB136}.Release|Any CPU.Build.0 = Release|Any CPU
	EndGlobalSection
	GlobalSection(SolutionProperties) = preSolution
		HideSolutionNode = FALSE
	EndGlobalSection
	GlobalSection(ExtensibilityGlobals) = postSolution
		SolutionGuid = {15A6DAB3-D092-4077-98E7-58B36BE9D825}
	EndGlobalSection
EndGlobal
